
Microsoft Visual Studio Solution File, Format Version 12.00
# Visual Studio Version 17
VisualStudioVersion = 17.2.32602.215
MinimumVisualStudioVersion = 10.0.40219.1
Project("{FAE04EC0-301F-11D3-BF4B-00C04F79EFBC}") = "VisitingWashingtonDC", "VisitingWashingtonDC\VisitingWashingtonDC.csproj", "{348B774C-1442-4E65-A9E5-554A5B653402}"
EndProject
Global
	GlobalSection(SolutionConfigurationPlatforms) = preSolution
		Debug|Any CPU = Debug|Any CPU
		Release|Any CPU = Release|Any CPU
	EndGlobalSection
	GlobalSection(ProjectConfigurationPlatforms) = postSolution
		{348B774C-1442-4E65-A9E5-554A5B653402}.Debug|Any CPU.ActiveCfg = Debug|Any CPU
		{348B774C-1442-4E65-A9E5-554A5B653402}.Debug|Any CPU.Build.0 = Debug|Any CPU
		{348B774C-1442-4E65-A9E5-554A5B653402}.Release|Any CPU.ActiveCfg = Release|Any CPU
		{348B774C-1442-4E65-A9E5-554A5B653402}.Release|Any CPU.Build.0 = Release|Any CPU
	EndGlobalSection
	GlobalSection(SolutionProperties) = preSolution
		HideSolutionNode = FALSE
	EndGlobalSection
	GlobalSection(ExtensibilityGlobals) = postSolution
		SolutionGuid = {37FA8A5C-4663-4A3B-9383-8790799F56BD}
	EndGlobalSection
EndGlobal
